// !$*UTF8*$!
{
	archiveVersion = 1;
	classes = {
	};
	objectVersion = 46;
	objects = {

/* Begin PBXBuildFile section */
		2021B18A1926F923002F0662 /* Foundation.framework in Frameworks */ = {isa = PBXBuildFile; fileRef = 2021B1891926F923002F0662 /* Foundation.framework */; };
		2021B18C1926F923002F0662 /* CoreGraphics.framework in Frameworks */ = {isa = PBXBuildFile; fileRef = 2021B18B1926F923002F0662 /* CoreGraphics.framework */; };
		2021B18E1926F923002F0662 /* UIKit.framework in Frameworks */ = {isa = PBXBuildFile; fileRef = 2021B18D1926F923002F0662 /* UIKit.framework */; };
		2021B1941926F923002F0662 /* InfoPlist.strings in Resources */ = {isa = PBXBuildFile; fileRef = 2021B1921926F923002F0662 /* InfoPlist.strings */; };
		2021B1961926F923002F0662 /* main.m in Sources */ = {isa = PBXBuildFile; fileRef = 2021B1951926F923002F0662 /* main.m */; };
		2021B19A1926F923002F0662 /* HTAppDelegate.m in Sources */ = {isa = PBXBuildFile; fileRef = 2021B1991926F923002F0662 /* HTAppDelegate.m */; };
		2021B19D1926F923002F0662 /* Main.storyboard in Resources */ = {isa = PBXBuildFile; fileRef = 2021B19B1926F923002F0662 /* Main.storyboard */; };
		2021B1A01926F923002F0662 /* HTViewController.m in Sources */ = {isa = PBXBuildFile; fileRef = 2021B19F1926F923002F0662 /* HTViewController.m */; };
		2021B1A21926F923002F0662 /* Images.xcassets in Resources */ = {isa = PBXBuildFile; fileRef = 2021B1A11926F923002F0662 /* Images.xcassets */; };
		2021B1A91926F923002F0662 /* XCTest.framework in Frameworks */ = {isa = PBXBuildFile; fileRef = 2021B1A81926F923002F0662 /* XCTest.framework */; };
		2021B1AA1926F923002F0662 /* Foundation.framework in Frameworks */ = {isa = PBXBuildFile; fileRef = 2021B1891926F923002F0662 /* Foundation.framework */; };
		2021B1AB1926F923002F0662 /* UIKit.framework in Frameworks */ = {isa = PBXBuildFile; fileRef = 2021B18D1926F923002F0662 /* UIKit.framework */; };
		2021B1B31926F923002F0662 /* InfoPlist.strings in Resources */ = {isa = PBXBuildFile; fileRef = 2021B1B11926F923002F0662 /* InfoPlist.strings */; };
		2021B1B51926F923002F0662 /* Hangman_GameTests.m in Sources */ = {isa = PBXBuildFile; fileRef = 2021B1B41926F923002F0662 /* Hangman_GameTests.m */; };
/* End PBXBuildFile section */

/* Begin PBXContainerItemProxy section */
		2021B1AC1926F923002F0662 /* PBXContainerItemProxy */ = {
			isa = PBXContainerItemProxy;
			containerPortal = 2021B17E1926F923002F0662 /* Project object */;
			proxyType = 1;
			remoteGlobalIDString = 2021B1851926F923002F0662;
			remoteInfo = "Hangman Game";
		};
/* End PBXContainerItemProxy section */

/* Begin PBXFileReference section */
		2021B1861926F923002F0662 /* Hangman Game.app */ = {isa = PBXFileReference; explicitFileType = wrapper.application; includeInIndex = 0; path = "Hangman Game.app"; sourceTree = BUILT_PRODUCTS_DIR; };
		2021B1891926F923002F0662 /* Foundation.framework */ = {isa = PBXFileReference; lastKnownFileType = wrapper.framework; name = Foundation.framework; path = System/Library/Frameworks/Foundation.framework; sourceTree = SDKROOT; };
		2021B18B1926F923002F0662 /* CoreGraphics.framework */ = {isa = PBXFileReference; lastKnownFileType = wrapper.framework; name = CoreGraphics.framework; path = System/Library/Frameworks/CoreGraphics.framework; sourceTree = SDKROOT; };
		2021B18D1926F923002F0662 /* UIKit.framework */ = {isa = PBXFileReference; lastKnownFileType = wrapper.framework; name = UIKit.framework; path = System/Library/Frameworks/UIKit.framework; sourceTree = SDKROOT; };
		2021B1911926F923002F0662 /* Hangman Game-Info.plist */ = {isa = PBXFileReference; lastKnownFileType = text.plist.xml; path = "Hangman Game-Info.plist"; sourceTree = "<group>"; };
		2021B1931926F923002F0662 /* en */ = {isa = PBXFileReference; lastKnownFileType = text.plist.strings; name = en; path = en.lproj/InfoPlist.strings; sourceTree = "<group>"; };
		2021B1951926F923002F0662 /* main.m */ = {isa = PBXFileReference; lastKnownFileType = sourcecode.c.objc; path = main.m; sourceTree = "<group>"; };
		2021B1971926F923002F0662 /* Hangman Game-Prefix.pch */ = {isa = PBXFileReference; lastKnownFileType = sourcecode.c.h; path = "Hangman Game-Prefix.pch"; sourceTree = "<group>"; };
		2021B1981926F923002F0662 /* HTAppDelegate.h */ = {isa = PBXFileReference; lastKnownFileType = sourcecode.c.h; path = HTAppDelegate.h; sourceTree = "<group>"; };
		2021B1991926F923002F0662 /* HTAppDelegate.m */ = {isa = PBXFileReference; lastKnownFileType = sourcecode.c.objc; path = HTAppDelegate.m; sourceTree = "<group>"; };
		2021B19C1926F923002F0662 /* Base */ = {isa = PBXFileReference; lastKnownFileType = file.storyboard; name = Base; path = Base.lproj/Main.storyboard; sourceTree = "<group>"; };
		2021B19E1926F923002F0662 /* HTViewController.h */ = {isa = PBXFileReference; lastKnownFileType = sourcecode.c.h; path = HTViewController.h; sourceTree = "<group>"; };
		2021B19F1926F923002F0662 /* HTViewController.m */ = {isa = PBXFileReference; lastKnownFileType = sourcecode.c.objc; path = HTViewController.m; sourceTree = "<group>"; };
		2021B1A11926F923002F0662 /* Images.xcassets */ = {isa = PBXFileReference; lastKnownFileType = folder.assetcatalog; path = Images.xcassets; sourceTree = "<group>"; };
		2021B1A71926F923002F0662 /* Hangman GameTests.xctest */ = {isa = PBXFileReference; explicitFileType = wrapper.cfbundle; includeInIndex = 0; path = "Hangman GameTests.xctest"; sourceTree = BUILT_PRODUCTS_DIR; };
		2021B1A81926F923002F0662 /* XCTest.framework */ = {isa = PBXFileReference; lastKnownFileType = wrapper.framework; name = XCTest.framework; path = Library/Frameworks/XCTest.framework; sourceTree = DEVELOPER_DIR; };
		2021B1B01926F923002F0662 /* Hangman GameTests-Info.plist */ = {isa = PBXFileReference; lastKnownFileType = text.plist.xml; path = "Hangman GameTests-Info.plist"; sourceTree = "<group>"; };
		2021B1B21926F923002F0662 /* en */ = {isa = PBXFileReference; lastKnownFileType = text.plist.strings; name = en; path = en.lproj/InfoPlist.strings; sourceTree = "<group>"; };
		2021B1B41926F923002F0662 /* Hangman_GameTests.m */ = {isa = PBXFileReference; lastKnownFileType = sourcecode.c.objc; path = Hangman_GameTests.m; sourceTree = "<group>"; };
/* End PBXFileReference section */

/* Begin PBXFrameworksBuildPhase section */
		2021B1831926F923002F0662 /* Frameworks */ = {
			isa = PBXFrameworksBuildPhase;
			buildActionMask = 2147483647;
			files = (
				2021B18C1926F923002F0662 /* CoreGraphics.framework in Frameworks */,
				2021B18E1926F923002F0662 /* UIKit.framework in Frameworks */,
				2021B18A1926F923002F0662 /* Foundation.framework in Frameworks */,
			);
			runOnlyForDeploymentPostprocessing = 0;
		};
		2021B1A41926F923002F0662 /* Frameworks */ = {
			isa = PBXFrameworksBuildPhase;
			buildActionMask = 2147483647;
			files = (
				2021B1A91926F923002F0662 /* XCTest.framework in Frameworks */,
				2021B1AB1926F923002F0662 /* UIKit.framework in Frameworks */,
				2021B1AA1926F923002F0662 /* Foundation.framework in Frameworks */,
			);
			runOnlyForDeploymentPostprocessing = 0;
		};
/* End PBXFrameworksBuildPhase section */

/* Begin PBXGroup section */
		2021B17D1926F923002F0662 = {
			isa = PBXGroup;
			children = (
				2021B18F1926F923002F0662 /* Hangman Game */,
				2021B1AE1926F923002F0662 /* Hangman GameTests */,
				2021B1881926F923002F0662 /* Frameworks */,
				2021B1871926F923002F0662 /* Products */,
			);
			sourceTree = "<group>";
		};
		2021B1871926F923002F0662 /* Products */ = {
			isa = PBXGroup;
			children = (
				2021B1861926F923002F0662 /* Hangman Game.app */,
				2021B1A71926F923002F0662 /* Hangman GameTests.xctest */,
			);
			name = Products;
			sourceTree = "<group>";
		};
		2021B1881926F923002F0662 /* Frameworks */ = {
			isa = PBXGroup;
			children = (
				2021B1891926F923002F0662 /* Foundation.framework */,
				2021B18B1926F923002F0662 /* CoreGraphics.framework */,
				2021B18D1926F923002F0662 /* UIKit.framework */,
				2021B1A81926F923002F0662 /* XCTest.framework */,
			);
			name = Frameworks;
			sourceTree = "<group>";
		};
		2021B18F1926F923002F0662 /* Hangman Game */ = {
			isa = PBXGroup;
			children = (
				2021B1981926F923002F0662 /* HTAppDelegate.h */,
				2021B1991926F923002F0662 /* HTAppDelegate.m */,
				2021B19B1926F923002F0662 /* Main.storyboard */,
				2021B19E1926F923002F0662 /* HTViewController.h */,
				2021B19F1926F923002F0662 /* HTViewController.m */,
				2021B1A11926F923002F0662 /* Images.xcassets */,
				2021B1901926F923002F0662 /* Supporting Files */,
			);
			path = "Hangman Game";
			sourceTree = "<group>";
		};
		2021B1901926F923002F0662 /* Supporting Files */ = {
			isa = PBXGroup;
			children = (
				2021B1911926F923002F0662 /* Hangman Game-Info.plist */,
				2021B1921926F923002F0662 /* InfoPlist.strings */,
				2021B1951926F923002F0662 /* main.m */,
				2021B1971926F923002F0662 /* Hangman Game-Prefix.pch */,
			);
			name = "Supporting Files";
			sourceTree = "<group>";
		};
		2021B1AE1926F923002F0662 /* Hangman GameTests */ = {
			isa = PBXGroup;
			children = (
				2021B1B41926F923002F0662 /* Hangman_GameTests.m */,
				2021B1AF1926F923002F0662 /* Supporting Files */,
			);
			path = "Hangman GameTests";
			sourceTree = "<group>";
		};
		2021B1AF1926F923002F0662 /* Supporting Files */ = {
			isa = PBXGroup;
			children = (
				2021B1B01926F923002F0662 /* Hangman GameTests-Info.plist */,
				2021B1B11926F923002F0662 /* InfoPlist.strings */,
			);
			name = "Supporting Files";
			sourceTree = "<group>";
		};
/* End PBXGroup section */

/* Begin PBXNativeTarget section */
		2021B1851926F923002F0662 /* Hangman Game */ = {
			isa = PBXNativeTarget;
			buildConfigurationList = 2021B1B81926F923002F0662 /* Build configuration list for PBXNativeTarget "Hangman Game" */;
			buildPhases = (
				2021B1821926F923002F0662 /* Sources */,
				2021B1831926F923002F0662 /* Frameworks */,
				2021B1841926F923002F0662 /* Resources */,
			);
			buildRules = (
			);
			dependencies = (
			);
			name = "Hangman Game";
			productName = "Hangman Game";
			productReference = 2021B1861926F923002F0662 /* Hangman Game.app */;
			productType = "com.apple.product-type.application";
		};
		2021B1A61926F923002F0662 /* Hangman GameTests */ = {
			isa = PBXNativeTarget;
			buildConfigurationList = 2021B1BB1926F923002F0662 /* Build configuration list for PBXNativeTarget "Hangman GameTests" */;
			buildPhases = (
				2021B1A31926F923002F0662 /* Sources */,
				2021B1A41926F923002F0662 /* Frameworks */,
				2021B1A51926F923002F0662 /* Resources */,
			);
			buildRules = (
			);
			dependencies = (
				2021B1AD1926F923002F0662 /* PBXTargetDependency */,
			);
			name = "Hangman GameTests";
			productName = "Hangman GameTests";
			productReference = 2021B1A71926F923002F0662 /* Hangman GameTests.xctest */;
			productType = "com.apple.product-type.bundle.unit-test";
		};
/* End PBXNativeTarget section */

/* Begin PBXProject section */
		2021B17E1926F923002F0662 /* Project object */ = {
			isa = PBXProject;
			attributes = {
				CLASSPREFIX = HT;
				LastUpgradeCheck = 0510;
				ORGANIZATIONNAME = "Tom Hu";
				TargetAttributes = {
					2021B1A61926F923002F0662 = {
						TestTargetID = 2021B1851926F923002F0662;
					};
				};
			};
			buildConfigurationList = 2021B1811926F923002F0662 /* Build configuration list for PBXProject "Hangman Game" */;
			compatibilityVersion = "Xcode 3.2";
			developmentRegion = English;
			hasScannedForEncodings = 0;
			knownRegions = (
				en,
				Base,
			);
			mainGroup = 2021B17D1926F923002F0662;
			productRefGroup = 2021B1871926F923002F0662 /* Products */;
			projectDirPath = "";
			projectRoot = "";
			targets = (
				2021B1851926F923002F0662 /* Hangman Game */,
				2021B1A61926F923002F0662 /* Hangman GameTests */,
			);
		};
/* End PBXProject section */

/* Begin PBXResourcesBuildPhase section */
		2021B1841926F923002F0662 /* Resources */ = {
			isa = PBXResourcesBuildPhase;
			buildActionMask = 2147483647;
			files = (
				2021B1A21926F923002F0662 /* Images.xcassets in Resources */,
				2021B1941926F923002F0662 /* InfoPlist.strings in Resources */,
				2021B19D1926F923002F0662 /* Main.storyboard in Resources */,
			);
			runOnlyForDeploymentPostprocessing = 0;
		};
		2021B1A51926F923002F0662 /* Resources */ = {
			isa = PBXResourcesBuildPhase;
			buildActionMask = 2147483647;
			files = (
				2021B1B31926F923002F0662 /* InfoPlist.strings in Resources */,
			);
			runOnlyForDeploymentPostprocessing = 0;
		};
/* End PBXResourcesBuildPhase section */

/* Begin PBXSourcesBuildPhase section */
		2021B1821926F923002F0662 /* Sources */ = {
			isa = PBXSourcesBuildPhase;
			buildActionMask = 2147483647;
			files = (
				2021B1A01926F923002F0662 /* HTViewController.m in Sources */,
				2021B19A1926F923002F0662 /* HTAppDelegate.m in Sources */,
				2021B1961926F923002F0662 /* main.m in Sources */,
			);
			runOnlyForDeploymentPostprocessing = 0;
		};
		2021B1A31926F923002F0662 /* Sources */ = {
			isa = PBXSourcesBuildPhase;
			buildActionMask = 2147483647;
			files = (
				2021B1B51926F923002F0662 /* Hangman_GameTests.m in Sources */,
			);
			runOnlyForDeploymentPostprocessing = 0;
		};
/* End PBXSourcesBuildPhase section */

/* Begin PBXTargetDependency section */
		2021B1AD1926F923002F0662 /* PBXTargetDependency */ = {
			isa = PBXTargetDependency;
			target = 2021B1851926F923002F0662 /* Hangman Game */;
			targetProxy = 2021B1AC1926F923002F0662 /* PBXContainerItemProxy */;
		};
/* End PBXTargetDependency section */

/* Begin PBXVariantGroup section */
		2021B1921926F923002F0662 /* InfoPlist.strings */ = {
			isa = PBXVariantGroup;
			children = (
				2021B1931926F923002F0662 /* en */,
			);
			name = InfoPlist.strings;
			sourceTree = "<group>";
		};
		2021B19B1926F923002F0662 /* Main.storyboard */ = {
			isa = PBXVariantGroup;
			children = (
				2021B19C1926F923002F0662 /* Base */,
			);
			name = Main.storyboard;
			sourceTree = "<group>";
		};
		2021B1B11926F923002F0662 /* InfoPlist.strings */ = {
			isa = PBXVariantGroup;
			children = (
				2021B1B21926F923002F0662 /* en */,
			);
			name = InfoPlist.strings;
			sourceTree = "<group>";
		};
/* End PBXVariantGroup section */

/* Begin XCBuildConfiguration section */
		2021B1B61926F923002F0662 /* Debug */ = {
			isa = XCBuildConfiguration;
			buildSettings = {
				ALWAYS_SEARCH_USER_PATHS = NO;
				CLANG_CXX_LANGUAGE_STANDARD = "gnu++0x";
				CLANG_CXX_LIBRARY = "libc++";
				CLANG_ENABLE_MODULES = YES;
				CLANG_ENABLE_OBJC_ARC = YES;
				CLANG_WARN_BOOL_CONVERSION = YES;
				CLANG_WARN_CONSTANT_CONVERSION = YES;
				CLANG_WARN_DIRECT_OBJC_ISA_USAGE = YES_ERROR;
				CLANG_WARN_EMPTY_BODY = YES;
				CLANG_WARN_ENUM_CONVERSION = YES;
				CLANG_WARN_INT_CONVERSION = YES;
				CLANG_WARN_OBJC_ROOT_CLASS = YES_ERROR;
				CLANG_WARN__DUPLICATE_METHOD_MATCH = YES;
				"CODE_SIGN_IDENTITY[sdk=iphoneos*]" = "iPhone Developer";
				COPY_PHASE_STRIP = NO;
				GCC_C_LANGUAGE_STANDARD = gnu99;
				GCC_DYNAMIC_NO_PIC = NO;
				GCC_OPTIMIZATION_LEVEL = 0;
				GCC_PREPROCESSOR_DEFINITIONS = (
					"DEBUG=1",
					"$(inherited)",
				);
				GCC_SYMBOLS_PRIVATE_EXTERN = NO;
				GCC_WARN_64_TO_32_BIT_CONVERSION = YES;
				GCC_WARN_ABOUT_RETURN_TYPE = YES_ERROR;
				GCC_WARN_UNDECLARED_SELECTOR = YES;
				GCC_WARN_UNINITIALIZED_AUTOS = YES_AGGRESSIVE;
				GCC_WARN_UNUSED_FUNCTION = YES;
				GCC_WARN_UNUSED_VARIABLE = YES;
				IPHONEOS_DEPLOYMENT_TARGET = 7.1;
				ONLY_ACTIVE_ARCH = YES;
				SDKROOT = iphoneos;
			};
			name = Debug;
		};
		2021B1B71926F923002F0662 /* Release */ = {
			isa = XCBuildConfiguration;
			buildSettings = {
				ALWAYS_SEARCH_USER_PATHS = NO;
				CLANG_CXX_LANGUAGE_STANDARD = "gnu++0x";
				CLANG_CXX_LIBRARY = "libc++";
				CLANG_ENABLE_MODULES = YES;
				CLANG_ENABLE_OBJC_ARC = YES;
				CLANG_WARN_BOOL_CONVERSION = YES;
				CLANG_WARN_CONSTANT_CONVERSION = YES;
				CLANG_WARN_DIRECT_OBJC_ISA_USAGE = YES_ERROR;
				CLANG_WARN_EMPTY_BODY = YES;
				CLANG_WARN_ENUM_CONVERSION = YES;
				CLANG_WARN_INT_CONVERSION = YES;
				CLANG_WARN_OBJC_ROOT_CLASS = YES_ERROR;
				CLANG_WARN__DUPLICATE_METHOD_MATCH = YES;
				"CODE_SIGN_IDENTITY[sdk=iphoneos*]" = "iPhone Developer";
				COPY_PHASE_STRIP = YES;
				ENABLE_NS_ASSERTIONS = NO;
				GCC_C_LANGUAGE_STANDARD = gnu99;
				GCC_WARN_64_TO_32_BIT_CONVERSION = YES;
				GCC_WARN_ABOUT_RETURN_TYPE = YES_ERROR;
				GCC_WARN_UNDECLARED_SELECTOR = YES;
				GCC_WARN_UNINITIALIZED_AUTOS = YES_AGGRESSIVE;
				GCC_WARN_UNUSED_FUNCTION = YES;
				GCC_WARN_UNUSED_VARIABLE = YES;
				IPHONEOS_DEPLOYMENT_TARGET = 7.1;
				SDKROOT = iphoneos;
				VALIDATE_PRODUCT = YES;
			};
			name = Release;
		};
		2021B1B91926F923002F0662 /* Debug */ = {
			isa = XCBuildConfiguration;
			buildSettings = {
				ASSETCATALOG_COMPILER_APPICON_NAME = AppIcon;
				ASSETCATALOG_COMPILER_LAUNCHIMAGE_NAME = LaunchImage;
				GCC_PRECOMPILE_PREFIX_HEADER = YES;
				GCC_PREFIX_HEADER = "Hangman Game/Hangman Game-Prefix.pch";
				INFOPLIST_FILE = "Hangman Game/Hangman Game-Info.plist";
				PRODUCT_NAME = "$(TARGET_NAME)";
				WRAPPER_EXTENSION = app;
			};
			name = Debug;
		};
		2021B1BA1926F923002F0662 /* Release */ = {
			isa = XCBuildConfiguration;
			buildSettings = {
				ASSETCATALOG_COMPILER_APPICON_NAME = AppIcon;
				ASSETCATALOG_COMPILER_LAUNCHIMAGE_NAME = LaunchImage;
				GCC_PRECOMPILE_PREFIX_HEADER = YES;
				GCC_PREFIX_HEADER = "Hangman Game/Hangman Game-Prefix.pch";
				INFOPLIST_FILE = "Hangman Game/Hangman Game-Info.plist";
				PRODUCT_NAME = "$(TARGET_NAME)";
				WRAPPER_EXTENSION = app;
			};
			name = Release;
		};
		2021B1BC1926F923002F0662 /* Debug */ = {
			isa = XCBuildConfiguration;
			buildSettings = {
				BUNDLE_LOADER = "$(BUILT_PRODUCTS_DIR)/Hangman Game.app/Hangman Game";
				FRAMEWORK_SEARCH_PATHS = (
					"$(SDKROOT)/Developer/Library/Frameworks",
					"$(inherited)",
					"$(DEVELOPER_FRAMEWORKS_DIR)",
				);
				GCC_PRECOMPILE_PREFIX_HEADER = YES;
				GCC_PREFIX_HEADER = "Hangman Game/Hangman Game-Prefix.pch";
				GCC_PREPROCESSOR_DEFINITIONS = (
					"DEBUG=1",
					"$(inherited)",
				);
				INFOPLIST_FILE = "Hangman GameTests/Hangman GameTests-Info.plist";
				PRODUCT_NAME = "$(TARGET_NAME)";
				TEST_HOST = "$(BUNDLE_LOADER)";
				WRAPPER_EXTENSION = xctest;
			};
			name = Debug;
		};
		2021B1BD1926F923002F0662 /* Release */ = {
			isa = XCBuildConfiguration;
			buildSettings = {
				BUNDLE_LOADER = "$(BUILT_PRODUCTS_DIR)/Hangman Game.app/Hangman Game";
				FRAMEWORK_SEARCH_PATHS = (
					"$(SDKROOT)/Developer/Library/Frameworks",
					"$(inherited)",
					"$(DEVELOPER_FRAMEWORKS_DIR)",
				);
				GCC_PRECOMPILE_PREFIX_HEADER = YES;
				GCC_PREFIX_HEADER = "Hangman Game/Hangman Game-Prefix.pch";
				INFOPLIST_FILE = "Hangman GameTests/Hangman GameTests-Info.plist";
				PRODUCT_NAME = "$(TARGET_NAME)";
				TEST_HOST = "$(BUNDLE_LOADER)";
				WRAPPER_EXTENSION = xctest;
			};
			name = Release;
		};
/* End XCBuildConfiguration section */

/* Begin XCConfigurationList section */
		2021B1811926F923002F0662 /* Build configuration list for PBXProject "Hangman Game" */ = {
			isa = XCConfigurationList;
			buildConfigurations = (
				2021B1B61926F923002F0662 /* Debug */,
				2021B1B71926F923002F0662 /* Release */,
			);
			defaultConfigurationIsVisible = 0;
			defaultConfigurationName = Release;
		};
		2021B1B81926F923002F0662 /* Build configuration list for PBXNativeTarget "Hangman Game" */ = {
			isa = XCConfigurationList;
			buildConfigurations = (
				2021B1B91926F923002F0662 /* Debug */,
				2021B1BA1926F923002F0662 /* Release */,
			);
			defaultConfigurationIsVisible = 0;
		};
		2021B1BB1926F923002F0662 /* Build configuration list for PBXNativeTarget "Hangman GameTests" */ = {
			isa = XCConfigurationList;
			buildConfigurations = (
				2021B1BC1926F923002F0662 /* Debug */,
				2021B1BD1926F923002F0662 /* Release */,
			);
			defaultConfigurationIsVisible = 0;
		};
/* End XCConfigurationList section */
	};
	rootObject = 2021B17E1926F923002F0662 /* Project object */;
}
